
Microsoft Visual Studio Solution File, Format Version 12.00
# Visual Studio 15
VisualStudioVersion = 15.0.27130.2026
MinimumVisualStudioVersion = 10.0.40219.1
Project("{E53339B2-1760-4266-BCC7-CA923CBCF16C}") = "docker-compose", "docker-compose.dcproj", "{C548BD23-EEAC-4EE6-A3DE-6A8E6C1970BF}"
EndProject
Project("{9A19103F-16F7-4668-BE54-9A1E7A4F7556}") = "hfa.Notification.Brokers", "hfa.Notification.Brokers\hfa.Notification.Brokers.csproj", "{0E191240-3963-46D3-9750-960A96AE38A1}"
EndProject
Project("{9A19103F-16F7-4668-BE54-9A1E7A4F7556}") = "hfa.Brokers.Messages", "hfa.Notification.DTo\hfa.Brokers.Messages.csproj", "{3D87C4CC-60E7-4F65-81DD-4BB3EE9B47F2}"
EndProject
Global
	GlobalSection(SolutionConfigurationPlatforms) = preSolution
		Debug|Any CPU = Debug|Any CPU
		Release|Any CPU = Release|Any CPU
	EndGlobalSection
	GlobalSection(ProjectConfigurationPlatforms) = postSolution
		{C548BD23-EEAC-4EE6-A3DE-6A8E6C1970BF}.Debug|Any CPU.ActiveCfg = Debug|Any CPU
		{C548BD23-EEAC-4EE6-A3DE-6A8E6C1970BF}.Release|Any CPU.ActiveCfg = Release|Any CPU
		{C548BD23-EEAC-4EE6-A3DE-6A8E6C1970BF}.Release|Any CPU.Build.0 = Release|Any CPU
		{0E191240-3963-46D3-9750-960A96AE38A1}.Debug|Any CPU.ActiveCfg = Debug|Any CPU
		{0E191240-3963-46D3-9750-960A96AE38A1}.Debug|Any CPU.Build.0 = Debug|Any CPU
		{0E191240-3963-46D3-9750-960A96AE38A1}.Release|Any CPU.ActiveCfg = Release|Any CPU
		{0E191240-3963-46D3-9750-960A96AE38A1}.Release|Any CPU.Build.0 = Release|Any CPU
		{3D87C4CC-60E7-4F65-81DD-4BB3EE9B47F2}.Debug|Any CPU.ActiveCfg = Debug|Any CPU
		{3D87C4CC-60E7-4F65-81DD-4BB3EE9B47F2}.Debug|Any CPU.Build.0 = Debug|Any CPU
		{3D87C4CC-60E7-4F65-81DD-4BB3EE9B47F2}.Release|Any CPU.ActiveCfg = Release|Any CPU
		{3D87C4CC-60E7-4F65-81DD-4BB3EE9B47F2}.Release|Any CPU.Build.0 = Release|Any CPU
	EndGlobalSection
	GlobalSection(SolutionProperties) = preSolution
		HideSolutionNode = FALSE
	EndGlobalSection
	GlobalSection(ExtensibilityGlobals) = postSolution
		SolutionGuid = {B815EB2B-C543-4A07-A243-507BF64EA2E8}
	EndGlobalSection
EndGlobal
