
Microsoft Visual Studio Solution File, Format Version 12.00
# Visual Studio 15
VisualStudioVersion = 15.0.27130.2026
MinimumVisualStudioVersion = 10.0.40219.1
Project("{9A19103F-16F7-4668-BE54-9A1E7A4F7556}") = "hfa.PlaylistBaseLibrary", "PlaylistBaseLibrary\hfa.PlaylistBaseLibrary.csproj", "{9CBAF850-159C-4861-9E3D-64F6C8668820}"
EndProject
Project("{2150E333-8FDC-42A3-9474-1A3956D46DE8}") = "Solution Items", "Solution Items", "{D0361037-C221-43C9-A5D4-4AAD00EFFE3E}"
	ProjectSection(SolutionItems) = preProject
		.gitignore = .gitignore
		.travis.yml = .travis.yml
		appveyorPlaylistLibrary.yml = appveyorPlaylistLibrary.yml
		appveyorSynkerBatch.yml = appveyorSynkerBatch.yml
		appveyorWebApi.yml = appveyorWebApi.yml
		appveyorWebClient.yml = appveyorWebClient.yml
		..\..\..\Desktop\build.ps1 = ..\..\..\Desktop\build.ps1
		build.sh = build.sh
		fetchNewCommands.sh = fetchNewCommands.sh
		instantWebGrab.sh = instantWebGrab.sh
		..\..\..\..\..\tmp\localhost.pfx = ..\..\..\..\..\tmp\localhost.pfx
		NuGet.Config = NuGet.Config
		postDeployProd.sh = postDeployProd.sh
		readme.md = readme.md
		sonarCloud.bat = sonarCloud.bat
	EndProjectSection
EndProject
Project("{9A19103F-16F7-4668-BE54-9A1E7A4F7556}") = "hfa.Synker.batch", "SyncLibrary\hfa.Synker.batch.csproj", "{4EB6B9E3-0CB5-4532-9690-F19230C49560}"
EndProject
Project("{2150E333-8FDC-42A3-9474-1A3956D46DE8}") = "Web", "Web", "{CB804454-F1B5-4603-9830-87E595D04809}"
EndProject
Project("{9A19103F-16F7-4668-BE54-9A1E7A4F7556}") = "hfa.WebClient", "WebClient\hfa.WebClient.csproj", "{CE2A459C-FB81-40C2-8533-80FDF9C67D46}"
EndProject
Project("{9A19103F-16F7-4668-BE54-9A1E7A4F7556}") = "hfa.WebApi", "WebApi\hfa.WebApi.csproj", "{31B6A4A2-7F01-4F18-8A45-9E8D185679C1}"
EndProject
Project("{2150E333-8FDC-42A3-9474-1A3956D46DE8}") = "Tests", "Tests", "{78EF6AEE-E1A5-4928-87A8-2E5A3BCAC604}"
EndProject
Project("{9A19103F-16F7-4668-BE54-9A1E7A4F7556}") = "hfa.TvhLibrary", "hfa.TvhLibrary\hfa.TvhLibrary.csproj", "{164EE07A-F29B-40D9-88C3-270BD9F28185}"
EndProject
Project("{9A19103F-16F7-4668-BE54-9A1E7A4F7556}") = "hfa.tvhLibrary.test", "hfa.tvhLibrary.test\hfa.tvhLibrary.test.csproj", "{8F50C674-2455-422D-BF5B-3ACCD23F72D8}"
EndProject
Project("{9A19103F-16F7-4668-BE54-9A1E7A4F7556}") = "hfa.synker.batch.test", "hfa.synker.batch.test\hfa.synker.batch.test.csproj", "{CFC79F77-DC24-4525-89CA-F20E0B7D7299}"
EndProject
Project("{2150E333-8FDC-42A3-9474-1A3956D46DE8}") = "Core", "Core", "{7E298705-9F1B-429B-865B-F63F679C6501}"
EndProject
Project("{9A19103F-16F7-4668-BE54-9A1E7A4F7556}") = "hfa.Synker.Service", "hfa.Synker.Service\hfa.Synker.Service.csproj", "{ECB3EA08-11A5-42BE-A45E-03C60D055F7B}"
EndProject
Project("{2150E333-8FDC-42A3-9474-1A3956D46DE8}") = "Brokers", "Brokers", "{42F7C76E-C6FB-4371-B9B7-1563CF758D1E}"
	ProjectSection(SolutionItems) = preProject
		appveyorSynkerBrokerBatch-docker.yml = appveyorSynkerBrokerBatch-docker.yml
		appveyorSynkerBrokerBatch.yml = appveyorSynkerBrokerBatch.yml
		Brokers\Readme.md = Brokers\Readme.md
	EndProjectSection
EndProject
Project("{2150E333-8FDC-42A3-9474-1A3956D46DE8}") = "LinuxServices", "LinuxServices", "{FA7DD37A-BBCC-407F-A1DF-526228D078B7}"
	ProjectSection(SolutionItems) = preProject
		synkerwebapi.service = synkerwebapi.service
		synkerwebclient.service = synkerwebclient.service
	EndProjectSection
EndProject
Project("{9A19103F-16F7-4668-BE54-9A1E7A4F7556}") = "hfa.Notification.Brokers", "Brokers\hfa.Notification.Brokers\hfa.Notification.Brokers.csproj", "{EA4F33D3-5583-405B-9959-FD6E649CDB4E}"
EndProject
Project("{9A19103F-16F7-4668-BE54-9A1E7A4F7556}") = "hfa.Brokers.Messages", "Brokers\hfa.Notification.DTo\hfa.Brokers.Messages.csproj", "{CE34A1EA-6A7E-4F11-99B0-2B9F2D7069C6}"
EndProject
Project("{E53339B2-1760-4266-BCC7-CA923CBCF16C}") = "docker-compose", "Brokers\docker-compose.dcproj", "{C548BD23-EEAC-4EE6-A3DE-6A8E6C1970BF}"
EndProject
Global
	GlobalSection(SolutionConfigurationPlatforms) = preSolution
		Debug|Any CPU = Debug|Any CPU
		Release|Any CPU = Release|Any CPU
	EndGlobalSection
	GlobalSection(ProjectConfigurationPlatforms) = postSolution
		{9CBAF850-159C-4861-9E3D-64F6C8668820}.Debug|Any CPU.ActiveCfg = Debug|Any CPU
		{9CBAF850-159C-4861-9E3D-64F6C8668820}.Debug|Any CPU.Build.0 = Debug|Any CPU
		{9CBAF850-159C-4861-9E3D-64F6C8668820}.Release|Any CPU.ActiveCfg = Release|Any CPU
		{9CBAF850-159C-4861-9E3D-64F6C8668820}.Release|Any CPU.Build.0 = Release|Any CPU
		{4EB6B9E3-0CB5-4532-9690-F19230C49560}.Debug|Any CPU.ActiveCfg = Debug|Any CPU
		{4EB6B9E3-0CB5-4532-9690-F19230C49560}.Debug|Any CPU.Build.0 = Debug|Any CPU
		{4EB6B9E3-0CB5-4532-9690-F19230C49560}.Release|Any CPU.ActiveCfg = Release|Any CPU
		{4EB6B9E3-0CB5-4532-9690-F19230C49560}.Release|Any CPU.Build.0 = Release|Any CPU
		{CE2A459C-FB81-40C2-8533-80FDF9C67D46}.Debug|Any CPU.ActiveCfg = Debug|Any CPU
		{CE2A459C-FB81-40C2-8533-80FDF9C67D46}.Debug|Any CPU.Build.0 = Debug|Any CPU
		{CE2A459C-FB81-40C2-8533-80FDF9C67D46}.Release|Any CPU.ActiveCfg = Release|Any CPU
		{CE2A459C-FB81-40C2-8533-80FDF9C67D46}.Release|Any CPU.Build.0 = Release|Any CPU
		{31B6A4A2-7F01-4F18-8A45-9E8D185679C1}.Debug|Any CPU.ActiveCfg = Debug|Any CPU
		{31B6A4A2-7F01-4F18-8A45-9E8D185679C1}.Debug|Any CPU.Build.0 = Debug|Any CPU
		{31B6A4A2-7F01-4F18-8A45-9E8D185679C1}.Release|Any CPU.ActiveCfg = Release|Any CPU
		{31B6A4A2-7F01-4F18-8A45-9E8D185679C1}.Release|Any CPU.Build.0 = Release|Any CPU
		{164EE07A-F29B-40D9-88C3-270BD9F28185}.Debug|Any CPU.ActiveCfg = Debug|Any CPU
		{164EE07A-F29B-40D9-88C3-270BD9F28185}.Debug|Any CPU.Build.0 = Debug|Any CPU
		{164EE07A-F29B-40D9-88C3-270BD9F28185}.Release|Any CPU.ActiveCfg = Release|Any CPU
		{164EE07A-F29B-40D9-88C3-270BD9F28185}.Release|Any CPU.Build.0 = Release|Any CPU
		{8F50C674-2455-422D-BF5B-3ACCD23F72D8}.Debug|Any CPU.ActiveCfg = Debug|Any CPU
		{8F50C674-2455-422D-BF5B-3ACCD23F72D8}.Debug|Any CPU.Build.0 = Debug|Any CPU
		{8F50C674-2455-422D-BF5B-3ACCD23F72D8}.Release|Any CPU.ActiveCfg = Release|Any CPU
		{8F50C674-2455-422D-BF5B-3ACCD23F72D8}.Release|Any CPU.Build.0 = Release|Any CPU
		{CFC79F77-DC24-4525-89CA-F20E0B7D7299}.Debug|Any CPU.ActiveCfg = Debug|Any CPU
		{CFC79F77-DC24-4525-89CA-F20E0B7D7299}.Debug|Any CPU.Build.0 = Debug|Any CPU
		{CFC79F77-DC24-4525-89CA-F20E0B7D7299}.Release|Any CPU.ActiveCfg = Release|Any CPU
		{CFC79F77-DC24-4525-89CA-F20E0B7D7299}.Release|Any CPU.Build.0 = Release|Any CPU
		{ECB3EA08-11A5-42BE-A45E-03C60D055F7B}.Debug|Any CPU.ActiveCfg = Debug|Any CPU
		{ECB3EA08-11A5-42BE-A45E-03C60D055F7B}.Debug|Any CPU.Build.0 = Debug|Any CPU
		{ECB3EA08-11A5-42BE-A45E-03C60D055F7B}.Release|Any CPU.ActiveCfg = Release|Any CPU
		{ECB3EA08-11A5-42BE-A45E-03C60D055F7B}.Release|Any CPU.Build.0 = Release|Any CPU
		{EA4F33D3-5583-405B-9959-FD6E649CDB4E}.Debug|Any CPU.ActiveCfg = Debug|Any CPU
		{EA4F33D3-5583-405B-9959-FD6E649CDB4E}.Debug|Any CPU.Build.0 = Debug|Any CPU
		{EA4F33D3-5583-405B-9959-FD6E649CDB4E}.Release|Any CPU.ActiveCfg = Release|Any CPU
		{EA4F33D3-5583-405B-9959-FD6E649CDB4E}.Release|Any CPU.Build.0 = Release|Any CPU
		{CE34A1EA-6A7E-4F11-99B0-2B9F2D7069C6}.Debug|Any CPU.ActiveCfg = Debug|Any CPU
		{CE34A1EA-6A7E-4F11-99B0-2B9F2D7069C6}.Debug|Any CPU.Build.0 = Debug|Any CPU
		{CE34A1EA-6A7E-4F11-99B0-2B9F2D7069C6}.Release|Any CPU.ActiveCfg = Release|Any CPU
		{CE34A1EA-6A7E-4F11-99B0-2B9F2D7069C6}.Release|Any CPU.Build.0 = Release|Any CPU
		{C548BD23-EEAC-4EE6-A3DE-6A8E6C1970BF}.Debug|Any CPU.ActiveCfg = Debug|Any CPU
		{C548BD23-EEAC-4EE6-A3DE-6A8E6C1970BF}.Debug|Any CPU.Build.0 = Debug|Any CPU
		{C548BD23-EEAC-4EE6-A3DE-6A8E6C1970BF}.Release|Any CPU.ActiveCfg = Release|Any CPU
		{C548BD23-EEAC-4EE6-A3DE-6A8E6C1970BF}.Release|Any CPU.Build.0 = Release|Any CPU
	EndGlobalSection
	GlobalSection(SolutionProperties) = preSolution
		HideSolutionNode = FALSE
	EndGlobalSection
	GlobalSection(NestedProjects) = preSolution
		{9CBAF850-159C-4861-9E3D-64F6C8668820} = {7E298705-9F1B-429B-865B-F63F679C6501}
		{4EB6B9E3-0CB5-4532-9690-F19230C49560} = {7E298705-9F1B-429B-865B-F63F679C6501}
		{CE2A459C-FB81-40C2-8533-80FDF9C67D46} = {CB804454-F1B5-4603-9830-87E595D04809}
		{31B6A4A2-7F01-4F18-8A45-9E8D185679C1} = {CB804454-F1B5-4603-9830-87E595D04809}
		{164EE07A-F29B-40D9-88C3-270BD9F28185} = {7E298705-9F1B-429B-865B-F63F679C6501}
		{8F50C674-2455-422D-BF5B-3ACCD23F72D8} = {78EF6AEE-E1A5-4928-87A8-2E5A3BCAC604}
		{CFC79F77-DC24-4525-89CA-F20E0B7D7299} = {78EF6AEE-E1A5-4928-87A8-2E5A3BCAC604}
		{ECB3EA08-11A5-42BE-A45E-03C60D055F7B} = {7E298705-9F1B-429B-865B-F63F679C6501}
		{FA7DD37A-BBCC-407F-A1DF-526228D078B7} = {D0361037-C221-43C9-A5D4-4AAD00EFFE3E}
		{EA4F33D3-5583-405B-9959-FD6E649CDB4E} = {42F7C76E-C6FB-4371-B9B7-1563CF758D1E}
		{CE34A1EA-6A7E-4F11-99B0-2B9F2D7069C6} = {42F7C76E-C6FB-4371-B9B7-1563CF758D1E}
		{C548BD23-EEAC-4EE6-A3DE-6A8E6C1970BF} = {42F7C76E-C6FB-4371-B9B7-1563CF758D1E}
	EndGlobalSection
	GlobalSection(ExtensibilityGlobals) = postSolution
		SolutionGuid = {731E8F56-7BA7-4652-A0AE-758D20E2DE9F}
	EndGlobalSection
EndGlobal
